// !$*UTF8*$!
{
	archiveVersion = 1;
	classes = {
	};
	objectVersion = 56;
	objects = {

/* Begin PBXBuildFile section */
		BF0B5E212E003FA000517B70 /* ContestantsView.swift in Sources */ = {isa = PBXBuildFile; fileRef = BF0B5E202E003FA000517B70 /* ContestantsView.swift */; };
		BF0B5E232E00419F00517B70 /* RoomListView.swift in Sources */ = {isa = PBXBuildFile; fileRef = BF0B5E222E00419F00517B70 /* RoomListView.swift */; };
		BF0B5E262E0043CB00517B70 /* RoomListViewModel.swift in Sources */ = {isa = PBXBuildFile; fileRef = BF0B5E252E0043CB00517B70 /* RoomListViewModel.swift */; };
		BF0B5E292E00445C00517B70 /* RoomListService.swift in Sources */ = {isa = PBXBuildFile; fileRef = BF0B5E282E00445C00517B70 /* RoomListService.swift */; };
		BF0B5E332E005A9000517B70 /* RoomCell.swift in Sources */ = {isa = PBXBuildFile; fileRef = BF0B5E322E005A9000517B70 /* RoomCell.swift */; };
		BF0B5E362E005CA400517B70 /* EscButton.swift in Sources */ = {isa = PBXBuildFile; fileRef = BF0B5E352E005CA400517B70 /* EscButton.swift */; };
		BF1BF1B52E214DDE002F176B /* ContestantView.swift in Sources */ = {isa = PBXBuildFile; fileRef = BF1BF1B42E214DDE002F176B /* ContestantView.swift */; };
		BF1FB99E2E1E9D8E00DF1E39 /* UserMenu.swift in Sources */ = {isa = PBXBuildFile; fileRef = BF1FB99D2E1E9D8E00DF1E39 /* UserMenu.swift */; };
		BF1FB9A22E1ED32400DF1E39 /* RoomCreationView.swift in Sources */ = {isa = PBXBuildFile; fileRef = BF1FB9A12E1ED32400DF1E39 /* RoomCreationView.swift */; };
		BF1FB9A42E1EE96600DF1E39 /* ContestantsService.swift in Sources */ = {isa = PBXBuildFile; fileRef = BF1FB9A32E1EE96600DF1E39 /* ContestantsService.swift */; };
		BF1FB9A62E1EEC1100DF1E39 /* ContestantsViewModel.swift in Sources */ = {isa = PBXBuildFile; fileRef = BF1FB9A52E1EEC1100DF1E39 /* ContestantsViewModel.swift */; };
		BF1FB9A82E1EF32700DF1E39 /* ContestantCell.swift in Sources */ = {isa = PBXBuildFile; fileRef = BF1FB9A72E1EF32700DF1E39 /* ContestantCell.swift */; };
		BF2FF1C52DFB1A420060E323 /* AuthViewModel.swift in Sources */ = {isa = PBXBuildFile; fileRef = BF2FF1C42DFB1A420060E323 /* AuthViewModel.swift */; };
		BF2FF1C72DFB25670060E323 /* ContentView.swift in Sources */ = {isa = PBXBuildFile; fileRef = BF2FF1C62DFB25670060E323 /* ContentView.swift */; };
		BF2FF1C92DFB34A40060E323 /* StringHelpers.swift in Sources */ = {isa = PBXBuildFile; fileRef = BF2FF1C82DFB349E0060E323 /* StringHelpers.swift */; };
		BF557C572E22A0A20024F48A /* RoomCreationViewModel.swift in Sources */ = {isa = PBXBuildFile; fileRef = BF557C562E22A0A20024F48A /* RoomCreationViewModel.swift */; };
		BF557C592E22A6070024F48A /* RoomCreationService.swift in Sources */ = {isa = PBXBuildFile; fileRef = BF557C582E22A6070024F48A /* RoomCreationService.swift */; };
		BF557C5B2E25158B0024F48A /* LoadingScreen.swift in Sources */ = {isa = PBXBuildFile; fileRef = BF557C5A2E25158B0024F48A /* LoadingScreen.swift */; };
		BF557C602E25197B0024F48A /* ToastView.swift in Sources */ = {isa = PBXBuildFile; fileRef = BF557C5F2E25197B0024F48A /* ToastView.swift */; };
		BF557C622E2519820024F48A /* ToastManager.swift in Sources */ = {isa = PBXBuildFile; fileRef = BF557C612E2519820024F48A /* ToastManager.swift */; };
		BF557C7B2E253DFB0024F48A /* ToastHostView.swift in Sources */ = {isa = PBXBuildFile; fileRef = BF557C7A2E253DFB0024F48A /* ToastHostView.swift */; };
		BF7E3CDD2DE09D31003740BD /* VoteViewModel.swift in Sources */ = {isa = PBXBuildFile; fileRef = BF7E3CDC2DE09D31003740BD /* VoteViewModel.swift */; };
		BF7E3CDF2DE09D4C003740BD /* VoteListItem.swift in Sources */ = {isa = PBXBuildFile; fileRef = BF7E3CDE2DE09D4C003740BD /* VoteListItem.swift */; };
		BF8E449C2E2695630064E6A5 /* Bundle+decode.swift in Sources */ = {isa = PBXBuildFile; fileRef = BF8E449B2E2695630064E6A5 /* Bundle+decode.swift */; };
		BF8E449E2E26B7C80064E6A5 /* Supabase.plist in Resources */ = {isa = PBXBuildFile; fileRef = BF8E449D2E26B7C80064E6A5 /* Supabase.plist */; };
		BF8E44A32E26B8DD0064E6A5 /* RoomView.swift in Sources */ = {isa = PBXBuildFile; fileRef = BF8E44A22E26B8DD0064E6A5 /* RoomView.swift */; };
		BF8E44A52E26BA530064E6A5 /* RoomViewModel.swift in Sources */ = {isa = PBXBuildFile; fileRef = BF8E44A42E26BA530064E6A5 /* RoomViewModel.swift */; };
		BF8E44A92E26BB9B0064E6A5 /* RoomType.swift in Sources */ = {isa = PBXBuildFile; fileRef = BF8E44A82E26BB9B0064E6A5 /* RoomType.swift */; };
		BF8E44AB2E26BBAF0064E6A5 /* Room.swift in Sources */ = {isa = PBXBuildFile; fileRef = BF8E44AA2E26BBAF0064E6A5 /* Room.swift */; };
		BF8E44AD2E26BBCD0064E6A5 /* UserRoom.swift in Sources */ = {isa = PBXBuildFile; fileRef = BF8E44AC2E26BBCD0064E6A5 /* UserRoom.swift */; };
		BF90852A2D73632200B40537 /* MyESCPartyApp.swift in Sources */ = {isa = PBXBuildFile; fileRef = BF9085292D73632200B40537 /* MyESCPartyApp.swift */; };
		BF90852E2D73632300B40537 /* Assets.xcassets in Resources */ = {isa = PBXBuildFile; fileRef = BF90852D2D73632300B40537 /* Assets.xcassets */; };
		BF9085312D73632300B40537 /* Preview Assets.xcassets in Resources */ = {isa = PBXBuildFile; fileRef = BF9085302D73632300B40537 /* Preview Assets.xcassets */; };
		BF9085392D73634400B40537 /* Auth in Frameworks */ = {isa = PBXBuildFile; productRef = BF9085382D73634400B40537 /* Auth */; };
		BF90853B2D73634400B40537 /* Functions in Frameworks */ = {isa = PBXBuildFile; productRef = BF90853A2D73634400B40537 /* Functions */; };
		BF90853D2D73634400B40537 /* PostgREST in Frameworks */ = {isa = PBXBuildFile; productRef = BF90853C2D73634400B40537 /* PostgREST */; };
		BF90853F2D73634400B40537 /* Realtime in Frameworks */ = {isa = PBXBuildFile; productRef = BF90853E2D73634400B40537 /* Realtime */; };
		BF9085412D73634400B40537 /* Storage in Frameworks */ = {isa = PBXBuildFile; productRef = BF9085402D73634400B40537 /* Storage */; };
		BF9085432D73651E00B40537 /* MainTabBarView.swift in Sources */ = {isa = PBXBuildFile; fileRef = BF9085422D73651D00B40537 /* MainTabBarView.swift */; };
		BF90854A2D73658800B40537 /* SettingsView.swift in Sources */ = {isa = PBXBuildFile; fileRef = BF9085492D73658800B40537 /* SettingsView.swift */; };
		BF90854C2D73659800B40537 /* SettingsViewModel.swift in Sources */ = {isa = PBXBuildFile; fileRef = BF90854B2D73659800B40537 /* SettingsViewModel.swift */; };
		BF90854E2D7365D000B40537 /* VoteView.swift in Sources */ = {isa = PBXBuildFile; fileRef = BF90854D2D7365D000B40537 /* VoteView.swift */; };
		BF9085522D736D8400B40537 /* VoteListCell.swift in Sources */ = {isa = PBXBuildFile; fileRef = BF9085512D736D8400B40537 /* VoteListCell.swift */; };
		BF9085562D736E1F00B40537 /* Contestant.swift in Sources */ = {isa = PBXBuildFile; fileRef = BF9085552D736E1F00B40537 /* Contestant.swift */; };
		BF9085582D736F1000B40537 /* Country.swift in Sources */ = {isa = PBXBuildFile; fileRef = BF9085572D736F1000B40537 /* Country.swift */; };
		BF90855C2D73704E00B40537 /* AuthManager.swift in Sources */ = {isa = PBXBuildFile; fileRef = BF90855B2D73704E00B40537 /* AuthManager.swift */; };
		BF90855F2D73709A00B40537 /* Supabase in Frameworks */ = {isa = PBXBuildFile; productRef = BF90855E2D73709A00B40537 /* Supabase */; };
		BF9085612D73711700B40537 /* DatabaseManager.swift in Sources */ = {isa = PBXBuildFile; fileRef = BF9085602D73711700B40537 /* DatabaseManager.swift */; };
		BF9085682D7372B200B40537 /* DependencyResolver.swift in Sources */ = {isa = PBXBuildFile; fileRef = BF9085672D7372B200B40537 /* DependencyResolver.swift */; };
		BF90856A2D7373A500B40537 /* AppUser.swift in Sources */ = {isa = PBXBuildFile; fileRef = BF9085692D7373A500B40537 /* AppUser.swift */; };
		BF90856C2D73755700B40537 /* LoginView.swift in Sources */ = {isa = PBXBuildFile; fileRef = BF90856B2D73755700B40537 /* LoginView.swift */; };
		BF9085752D737AC300B40537 /* Swinject in Frameworks */ = {isa = PBXBuildFile; productRef = BF9085742D737AC300B40537 /* Swinject */; };
		BF90857D2D737C5600B40537 /* AppTextField.swift in Sources */ = {isa = PBXBuildFile; fileRef = BF90857C2D737C5600B40537 /* AppTextField.swift */; };
		BF9085802D73809000B40537 /* ColorPalette.swift in Sources */ = {isa = PBXBuildFile; fileRef = BF90857F2D73809000B40537 /* ColorPalette.swift */; };
		BFA4EB562E1BD6A1006EC79C /* SupabaseExtensions.swift in Sources */ = {isa = PBXBuildFile; fileRef = BFA4EB552E1BD6A1006EC79C /* SupabaseExtensions.swift */; };
		BFA4EB582E1BDD06006EC79C /* SecurityHelper.swift in Sources */ = {isa = PBXBuildFile; fileRef = BFA4EB572E1BDD06006EC79C /* SecurityHelper.swift */; };
		BFA4EB5A2E1BE91E006EC79C /* Cachable.swift in Sources */ = {isa = PBXBuildFile; fileRef = BFA4EB592E1BE91E006EC79C /* Cachable.swift */; };
/* End PBXBuildFile section */

/* Begin PBXCopyFilesBuildPhase section */
		BF9085722D7379A900B40537 /* Embed Frameworks */ = {
			isa = PBXCopyFilesBuildPhase;
			buildActionMask = 2147483647;
			dstPath = "";
			dstSubfolderSpec = 10;
			files = (
			);
			name = "Embed Frameworks";
			runOnlyForDeploymentPostprocessing = 0;
		};
/* End PBXCopyFilesBuildPhase section */

/* Begin PBXFileReference section */
		BF0B5E202E003FA000517B70 /* ContestantsView.swift */ = {isa = PBXFileReference; lastKnownFileType = sourcecode.swift; path = ContestantsView.swift; sourceTree = "<group>"; };
		BF0B5E222E00419F00517B70 /* RoomListView.swift */ = {isa = PBXFileReference; lastKnownFileType = sourcecode.swift; path = RoomListView.swift; sourceTree = "<group>"; };
		BF0B5E252E0043CB00517B70 /* RoomListViewModel.swift */ = {isa = PBXFileReference; lastKnownFileType = sourcecode.swift; path = RoomListViewModel.swift; sourceTree = "<group>"; };
		BF0B5E282E00445C00517B70 /* RoomListService.swift */ = {isa = PBXFileReference; lastKnownFileType = sourcecode.swift; path = RoomListService.swift; sourceTree = "<group>"; };
		BF0B5E322E005A9000517B70 /* RoomCell.swift */ = {isa = PBXFileReference; lastKnownFileType = sourcecode.swift; path = RoomCell.swift; sourceTree = "<group>"; };
		BF0B5E352E005CA400517B70 /* EscButton.swift */ = {isa = PBXFileReference; lastKnownFileType = sourcecode.swift; path = EscButton.swift; sourceTree = "<group>"; };
		BF1BF1B42E214DDE002F176B /* ContestantView.swift */ = {isa = PBXFileReference; lastKnownFileType = sourcecode.swift; path = ContestantView.swift; sourceTree = "<group>"; };
		BF1FB99D2E1E9D8E00DF1E39 /* UserMenu.swift */ = {isa = PBXFileReference; lastKnownFileType = sourcecode.swift; path = UserMenu.swift; sourceTree = "<group>"; };
		BF1FB9A12E1ED32400DF1E39 /* RoomCreationView.swift */ = {isa = PBXFileReference; lastKnownFileType = sourcecode.swift; path = RoomCreationView.swift; sourceTree = "<group>"; };
		BF1FB9A32E1EE96600DF1E39 /* ContestantsService.swift */ = {isa = PBXFileReference; lastKnownFileType = sourcecode.swift; path = ContestantsService.swift; sourceTree = "<group>"; };
		BF1FB9A52E1EEC1100DF1E39 /* ContestantsViewModel.swift */ = {isa = PBXFileReference; lastKnownFileType = sourcecode.swift; path = ContestantsViewModel.swift; sourceTree = "<group>"; };
		BF1FB9A72E1EF32700DF1E39 /* ContestantCell.swift */ = {isa = PBXFileReference; lastKnownFileType = sourcecode.swift; path = ContestantCell.swift; sourceTree = "<group>"; };
		BF2FF1C42DFB1A420060E323 /* AuthViewModel.swift */ = {isa = PBXFileReference; lastKnownFileType = sourcecode.swift; path = AuthViewModel.swift; sourceTree = "<group>"; };
		BF2FF1C62DFB25670060E323 /* ContentView.swift */ = {isa = PBXFileReference; lastKnownFileType = sourcecode.swift; path = ContentView.swift; sourceTree = "<group>"; };
		BF2FF1C82DFB349E0060E323 /* StringHelpers.swift */ = {isa = PBXFileReference; lastKnownFileType = sourcecode.swift; path = StringHelpers.swift; sourceTree = "<group>"; };
		BF557C562E22A0A20024F48A /* RoomCreationViewModel.swift */ = {isa = PBXFileReference; lastKnownFileType = sourcecode.swift; path = RoomCreationViewModel.swift; sourceTree = "<group>"; };
		BF557C582E22A6070024F48A /* RoomCreationService.swift */ = {isa = PBXFileReference; lastKnownFileType = sourcecode.swift; path = RoomCreationService.swift; sourceTree = "<group>"; };
		BF557C5A2E25158B0024F48A /* LoadingScreen.swift */ = {isa = PBXFileReference; lastKnownFileType = sourcecode.swift; path = LoadingScreen.swift; sourceTree = "<group>"; };
		BF557C5F2E25197B0024F48A /* ToastView.swift */ = {isa = PBXFileReference; lastKnownFileType = sourcecode.swift; path = ToastView.swift; sourceTree = "<group>"; };
		BF557C612E2519820024F48A /* ToastManager.swift */ = {isa = PBXFileReference; lastKnownFileType = sourcecode.swift; path = ToastManager.swift; sourceTree = "<group>"; };
		BF557C7A2E253DFB0024F48A /* ToastHostView.swift */ = {isa = PBXFileReference; lastKnownFileType = sourcecode.swift; path = ToastHostView.swift; sourceTree = "<group>"; };
		BF7E3CDC2DE09D31003740BD /* VoteViewModel.swift */ = {isa = PBXFileReference; lastKnownFileType = sourcecode.swift; path = VoteViewModel.swift; sourceTree = "<group>"; };
		BF7E3CDE2DE09D4C003740BD /* VoteListItem.swift */ = {isa = PBXFileReference; lastKnownFileType = sourcecode.swift; path = VoteListItem.swift; sourceTree = "<group>"; };
		BF8E449B2E2695630064E6A5 /* Bundle+decode.swift */ = {isa = PBXFileReference; lastKnownFileType = sourcecode.swift; path = "Bundle+decode.swift"; sourceTree = "<group>"; };
		BF8E449D2E26B7C80064E6A5 /* Supabase.plist */ = {isa = PBXFileReference; lastKnownFileType = text.plist.xml; path = Supabase.plist; sourceTree = "<group>"; };
		BF8E44A22E26B8DD0064E6A5 /* RoomView.swift */ = {isa = PBXFileReference; lastKnownFileType = sourcecode.swift; path = RoomView.swift; sourceTree = "<group>"; };
		BF8E44A42E26BA530064E6A5 /* RoomViewModel.swift */ = {isa = PBXFileReference; lastKnownFileType = sourcecode.swift; path = RoomViewModel.swift; sourceTree = "<group>"; };
		BF8E44A82E26BB9B0064E6A5 /* RoomType.swift */ = {isa = PBXFileReference; lastKnownFileType = sourcecode.swift; path = RoomType.swift; sourceTree = "<group>"; };
		BF8E44AA2E26BBAF0064E6A5 /* Room.swift */ = {isa = PBXFileReference; lastKnownFileType = sourcecode.swift; path = Room.swift; sourceTree = "<group>"; };
		BF8E44AC2E26BBCD0064E6A5 /* UserRoom.swift */ = {isa = PBXFileReference; lastKnownFileType = sourcecode.swift; path = UserRoom.swift; sourceTree = "<group>"; };
		BF9085262D73632200B40537 /* MyESCParty.app */ = {isa = PBXFileReference; explicitFileType = wrapper.application; includeInIndex = 0; path = MyESCParty.app; sourceTree = BUILT_PRODUCTS_DIR; };
		BF9085292D73632200B40537 /* MyESCPartyApp.swift */ = {isa = PBXFileReference; lastKnownFileType = sourcecode.swift; path = MyESCPartyApp.swift; sourceTree = "<group>"; };
		BF90852D2D73632300B40537 /* Assets.xcassets */ = {isa = PBXFileReference; lastKnownFileType = folder.assetcatalog; path = Assets.xcassets; sourceTree = "<group>"; };
		BF9085302D73632300B40537 /* Preview Assets.xcassets */ = {isa = PBXFileReference; lastKnownFileType = folder.assetcatalog; path = "Preview Assets.xcassets"; sourceTree = "<group>"; };
		BF9085422D73651D00B40537 /* MainTabBarView.swift */ = {isa = PBXFileReference; lastKnownFileType = sourcecode.swift; path = MainTabBarView.swift; sourceTree = "<group>"; };
		BF9085492D73658800B40537 /* SettingsView.swift */ = {isa = PBXFileReference; lastKnownFileType = sourcecode.swift; path = SettingsView.swift; sourceTree = "<group>"; };
		BF90854B2D73659800B40537 /* SettingsViewModel.swift */ = {isa = PBXFileReference; lastKnownFileType = sourcecode.swift; path = SettingsViewModel.swift; sourceTree = "<group>"; };
		BF90854D2D7365D000B40537 /* VoteView.swift */ = {isa = PBXFileReference; lastKnownFileType = sourcecode.swift; path = VoteView.swift; sourceTree = "<group>"; };
		BF9085512D736D8400B40537 /* VoteListCell.swift */ = {isa = PBXFileReference; lastKnownFileType = sourcecode.swift; path = VoteListCell.swift; sourceTree = "<group>"; };
		BF9085552D736E1F00B40537 /* Contestant.swift */ = {isa = PBXFileReference; lastKnownFileType = sourcecode.swift; path = Contestant.swift; sourceTree = "<group>"; };
		BF9085572D736F1000B40537 /* Country.swift */ = {isa = PBXFileReference; lastKnownFileType = sourcecode.swift; path = Country.swift; sourceTree = "<group>"; };
		BF90855B2D73704E00B40537 /* AuthManager.swift */ = {isa = PBXFileReference; lastKnownFileType = sourcecode.swift; path = AuthManager.swift; sourceTree = "<group>"; };
		BF9085602D73711700B40537 /* DatabaseManager.swift */ = {isa = PBXFileReference; lastKnownFileType = sourcecode.swift; path = DatabaseManager.swift; sourceTree = "<group>"; };
		BF9085672D7372B200B40537 /* DependencyResolver.swift */ = {isa = PBXFileReference; lastKnownFileType = sourcecode.swift; path = DependencyResolver.swift; sourceTree = "<group>"; };
		BF9085692D7373A500B40537 /* AppUser.swift */ = {isa = PBXFileReference; lastKnownFileType = sourcecode.swift; path = AppUser.swift; sourceTree = "<group>"; };
		BF90856B2D73755700B40537 /* LoginView.swift */ = {isa = PBXFileReference; lastKnownFileType = sourcecode.swift; path = LoginView.swift; sourceTree = "<group>"; };
		BF90857C2D737C5600B40537 /* AppTextField.swift */ = {isa = PBXFileReference; lastKnownFileType = sourcecode.swift; path = AppTextField.swift; sourceTree = "<group>"; };
		BF90857F2D73809000B40537 /* ColorPalette.swift */ = {isa = PBXFileReference; lastKnownFileType = sourcecode.swift; path = ColorPalette.swift; sourceTree = "<group>"; };
		BFA4EB552E1BD6A1006EC79C /* SupabaseExtensions.swift */ = {isa = PBXFileReference; lastKnownFileType = sourcecode.swift; path = SupabaseExtensions.swift; sourceTree = "<group>"; };
		BFA4EB572E1BDD06006EC79C /* SecurityHelper.swift */ = {isa = PBXFileReference; lastKnownFileType = sourcecode.swift; path = SecurityHelper.swift; sourceTree = "<group>"; };
		BFA4EB592E1BE91E006EC79C /* Cachable.swift */ = {isa = PBXFileReference; lastKnownFileType = sourcecode.swift; path = Cachable.swift; sourceTree = "<group>"; };
/* End PBXFileReference section */

/* Begin PBXFrameworksBuildPhase section */
		BF9085232D73632200B40537 /* Frameworks */ = {
			isa = PBXFrameworksBuildPhase;
			buildActionMask = 2147483647;
			files = (
				BF90853D2D73634400B40537 /* PostgREST in Frameworks */,
				BF90853B2D73634400B40537 /* Functions in Frameworks */,
				BF9085752D737AC300B40537 /* Swinject in Frameworks */,
				BF90855F2D73709A00B40537 /* Supabase in Frameworks */,
				BF9085392D73634400B40537 /* Auth in Frameworks */,
				BF9085412D73634400B40537 /* Storage in Frameworks */,
				BF90853F2D73634400B40537 /* Realtime in Frameworks */,
			);
			runOnlyForDeploymentPostprocessing = 0;
		};
/* End PBXFrameworksBuildPhase section */

/* Begin PBXGroup section */
		BF0B5E1F2E003F8100517B70 /* ContestantsView */ = {
			isa = PBXGroup;
			children = (
				BF1FB9A02E1ECE4600DF1E39 /* Service */,
				BF1FB99F2E1ECE3F00DF1E39 /* Model */,
				BF0B5E202E003FA000517B70 /* ContestantsView.swift */,
				BF1FB9A72E1EF32700DF1E39 /* ContestantCell.swift */,
			);
			path = ContestantsView;
			sourceTree = "<group>";
		};
		BF0B5E242E0043AA00517B70 /* Model */ = {
			isa = PBXGroup;
			children = (
				BF0B5E252E0043CB00517B70 /* RoomListViewModel.swift */,
			);
			path = Model;
			sourceTree = "<group>";
		};
		BF0B5E272E00445200517B70 /* Service */ = {
			isa = PBXGroup;
			children = (
				BF0B5E282E00445C00517B70 /* RoomListService.swift */,
			);
			path = Service;
			sourceTree = "<group>";
		};
		BF0B5E342E005C9300517B70 /* Views */ = {
			isa = PBXGroup;
			children = (
				BF1BF1B42E214DDE002F176B /* ContestantView.swift */,
				BF0B5E352E005CA400517B70 /* EscButton.swift */,
				BF557C5A2E25158B0024F48A /* LoadingScreen.swift */,
			);
			path = Views;
			sourceTree = "<group>";
		};
		BF1FB99C2E1E9D7700DF1E39 /* MainView */ = {
			isa = PBXGroup;
			children = (
				BF9085422D73651D00B40537 /* MainTabBarView.swift */,
				BF1FB99D2E1E9D8E00DF1E39 /* UserMenu.swift */,
			);
			path = MainView;
			sourceTree = "<group>";
		};
		BF1FB99F2E1ECE3F00DF1E39 /* Model */ = {
			isa = PBXGroup;
			children = (
				BF1FB9A52E1EEC1100DF1E39 /* ContestantsViewModel.swift */,
			);
			path = Model;
			sourceTree = "<group>";
		};
		BF1FB9A02E1ECE4600DF1E39 /* Service */ = {
			isa = PBXGroup;
			children = (
				BF1FB9A32E1EE96600DF1E39 /* ContestantsService.swift */,
			);
			path = Service;
			sourceTree = "<group>";
		};
		BF557C532E2293AF0024F48A /* RoomCreationView */ = {
			isa = PBXGroup;
			children = (
				BF557C542E2293C30024F48A /* Service */,
				BF557C552E2293C80024F48A /* Model */,
				BF1FB9A12E1ED32400DF1E39 /* RoomCreationView.swift */,
			);
			path = RoomCreationView;
			sourceTree = "<group>";
		};
		BF557C542E2293C30024F48A /* Service */ = {
			isa = PBXGroup;
			children = (
				BF557C582E22A6070024F48A /* RoomCreationService.swift */,
			);
			path = Service;
			sourceTree = "<group>";
		};
		BF557C552E2293C80024F48A /* Model */ = {
			isa = PBXGroup;
			children = (
				BF557C562E22A0A20024F48A /* RoomCreationViewModel.swift */,
			);
			path = Model;
			sourceTree = "<group>";
		};
		BF557C5E2E2519170024F48A /* ToastManager */ = {
			isa = PBXGroup;
			children = (
				BF557C5F2E25197B0024F48A /* ToastView.swift */,
				BF557C612E2519820024F48A /* ToastManager.swift */,
				BF557C7A2E253DFB0024F48A /* ToastHostView.swift */,
			);
			path = ToastManager;
			sourceTree = "<group>";
		};
		BF7E3CD92DE09D0B003740BD /* Model */ = {
			isa = PBXGroup;
			children = (
				BF7E3CDC2DE09D31003740BD /* VoteViewModel.swift */,
				BF7E3CDE2DE09D4C003740BD /* VoteListItem.swift */,
			);
			path = Model;
			sourceTree = "<group>";
		};
		BF8E449F2E26B8C40064E6A5 /* RoomView */ = {
			isa = PBXGroup;
			children = (
				BF8E44A12E26B8D10064E6A5 /* Service */,
				BF8E44A02E26B8CD0064E6A5 /* Model */,
				BF8E44A22E26B8DD0064E6A5 /* RoomView.swift */,
			);
			path = RoomView;
			sourceTree = "<group>";
		};
		BF8E44A02E26B8CD0064E6A5 /* Model */ = {
			isa = PBXGroup;
			children = (
				BF8E44A42E26BA530064E6A5 /* RoomViewModel.swift */,
			);
			path = Model;
			sourceTree = "<group>";
		};
		BF8E44A12E26B8D10064E6A5 /* Service */ = {
			isa = PBXGroup;
			children = (
			);
			path = Service;
			sourceTree = "<group>";
		};
		BF8E44A62E26BB5B0064E6A5 /* Rooms */ = {
			isa = PBXGroup;
			children = (
				BF8E44A72E26BB720064E6A5 /* Model */,
				BF8E449F2E26B8C40064E6A5 /* RoomView */,
				BF557C532E2293AF0024F48A /* RoomCreationView */,
				BF9085482D73656A00B40537 /* RoomListView */,
			);
			path = Rooms;
			sourceTree = "<group>";
		};
		BF8E44A72E26BB720064E6A5 /* Model */ = {
			isa = PBXGroup;
			children = (
				BF8E44A82E26BB9B0064E6A5 /* RoomType.swift */,
				BF8E44AA2E26BBAF0064E6A5 /* Room.swift */,
				BF8E44AC2E26BBCD0064E6A5 /* UserRoom.swift */,
			);
			path = Model;
			sourceTree = "<group>";
		};
		BF90851D2D73632200B40537 = {
			isa = PBXGroup;
			children = (
				BF9085282D73632200B40537 /* MyESCParty */,
				BF9085272D73632200B40537 /* Products */,
				BF90855D2D73709A00B40537 /* Frameworks */,
			);
			sourceTree = "<group>";
		};
		BF9085272D73632200B40537 /* Products */ = {
			isa = PBXGroup;
			children = (
				BF9085262D73632200B40537 /* MyESCParty.app */,
			);
			name = Products;
			sourceTree = "<group>";
		};
		BF9085282D73632200B40537 /* MyESCParty */ = {
			isa = PBXGroup;
			children = (
				BF90857E2D73808200B40537 /* Common */,
				BF9085542D736E0200B40537 /* Managers */,
				BF9085532D736DFD00B40537 /* Model */,
				BF9085442D73653100B40537 /* Views */,
				BF9085292D73632200B40537 /* MyESCPartyApp.swift */,
				BF90852D2D73632300B40537 /* Assets.xcassets */,
				BF8E449D2E26B7C80064E6A5 /* Supabase.plist */,
				BF90852F2D73632300B40537 /* Preview Content */,
				BF9085672D7372B200B40537 /* DependencyResolver.swift */,
			);
			path = MyESCParty;
			sourceTree = "<group>";
		};
		BF90852F2D73632300B40537 /* Preview Content */ = {
			isa = PBXGroup;
			children = (
				BF9085302D73632300B40537 /* Preview Assets.xcassets */,
			);
			path = "Preview Content";
			sourceTree = "<group>";
		};
		BF9085442D73653100B40537 /* Views */ = {
			isa = PBXGroup;
			children = (
				BF1FB99C2E1E9D7700DF1E39 /* MainView */,
				BF0B5E1F2E003F8100517B70 /* ContestantsView */,
				BF8E44A62E26BB5B0064E6A5 /* Rooms */,
				BF9085472D73655B00B40537 /* VoteView */,
				BF9085462D73654C00B40537 /* LoginScreen */,
				BF9085452D73653A00B40537 /* Settings */,
				BF2FF1C62DFB25670060E323 /* ContentView.swift */,
			);
			path = Views;
			sourceTree = "<group>";
		};
		BF9085452D73653A00B40537 /* Settings */ = {
			isa = PBXGroup;
			children = (
				BF9085492D73658800B40537 /* SettingsView.swift */,
				BF90854B2D73659800B40537 /* SettingsViewModel.swift */,
			);
			path = Settings;
			sourceTree = "<group>";
		};
		BF9085462D73654C00B40537 /* LoginScreen */ = {
			isa = PBXGroup;
			children = (
				BF90856B2D73755700B40537 /* LoginView.swift */,
				BF90857C2D737C5600B40537 /* AppTextField.swift */,
			);
			path = LoginScreen;
			sourceTree = "<group>";
		};
		BF9085472D73655B00B40537 /* VoteView */ = {
			isa = PBXGroup;
			children = (
				BF7E3CD92DE09D0B003740BD /* Model */,
				BF90854D2D7365D000B40537 /* VoteView.swift */,
				BF9085512D736D8400B40537 /* VoteListCell.swift */,
			);
			path = VoteView;
			sourceTree = "<group>";
		};
		BF9085482D73656A00B40537 /* RoomListView */ = {
			isa = PBXGroup;
			children = (
				BF0B5E272E00445200517B70 /* Service */,
				BF0B5E242E0043AA00517B70 /* Model */,
				BF0B5E222E00419F00517B70 /* RoomListView.swift */,
				BF0B5E322E005A9000517B70 /* RoomCell.swift */,
			);
			path = RoomListView;
			sourceTree = "<group>";
		};
		BF9085532D736DFD00B40537 /* Model */ = {
			isa = PBXGroup;
			children = (
				BF9085552D736E1F00B40537 /* Contestant.swift */,
				BF9085572D736F1000B40537 /* Country.swift */,
				BF9085692D7373A500B40537 /* AppUser.swift */,
			);
			path = Model;
			sourceTree = "<group>";
		};
		BF9085542D736E0200B40537 /* Managers */ = {
			isa = PBXGroup;
			children = (
				BF557C5E2E2519170024F48A /* ToastManager */,
				BF90855A2D73703100B40537 /* Database */,
				BF9085592D73702800B40537 /* Authorization */,
			);
			path = Managers;
			sourceTree = "<group>";
		};
		BF9085592D73702800B40537 /* Authorization */ = {
			isa = PBXGroup;
			children = (
				BF90855B2D73704E00B40537 /* AuthManager.swift */,
				BF2FF1C42DFB1A420060E323 /* AuthViewModel.swift */,
			);
			path = Authorization;
			sourceTree = "<group>";
		};
		BF90855A2D73703100B40537 /* Database */ = {
			isa = PBXGroup;
			children = (
				BF9085602D73711700B40537 /* DatabaseManager.swift */,
				BFA4EB552E1BD6A1006EC79C /* SupabaseExtensions.swift */,
			);
			path = Database;
			sourceTree = "<group>";
		};
		BF90855D2D73709A00B40537 /* Frameworks */ = {
			isa = PBXGroup;
			children = (
			);
			name = Frameworks;
			sourceTree = "<group>";
		};
		BF90857E2D73808200B40537 /* Common */ = {
			isa = PBXGroup;
			children = (
				BF0B5E342E005C9300517B70 /* Views */,
				BF2FF1C82DFB349E0060E323 /* StringHelpers.swift */,
				BF90857F2D73809000B40537 /* ColorPalette.swift */,
				BFA4EB572E1BDD06006EC79C /* SecurityHelper.swift */,
				BFA4EB592E1BE91E006EC79C /* Cachable.swift */,
				BF8E449B2E2695630064E6A5 /* Bundle+decode.swift */,
			);
			path = Common;
			sourceTree = "<group>";
		};
/* End PBXGroup section */

/* Begin PBXNativeTarget section */
		BF9085252D73632200B40537 /* MyESCParty */ = {
			isa = PBXNativeTarget;
			buildConfigurationList = BF9085342D73632300B40537 /* Build configuration list for PBXNativeTarget "MyESCParty" */;
			buildPhases = (
				BF9085222D73632200B40537 /* Sources */,
				BF9085232D73632200B40537 /* Frameworks */,
				BF9085242D73632200B40537 /* Resources */,
				BF9085722D7379A900B40537 /* Embed Frameworks */,
			);
			buildRules = (
			);
			dependencies = (
			);
			name = MyESCParty;
			packageProductDependencies = (
				BF9085382D73634400B40537 /* Auth */,
				BF90853A2D73634400B40537 /* Functions */,
				BF90853C2D73634400B40537 /* PostgREST */,
				BF90853E2D73634400B40537 /* Realtime */,
				BF9085402D73634400B40537 /* Storage */,
				BF90855E2D73709A00B40537 /* Supabase */,
				BF9085742D737AC300B40537 /* Swinject */,
			);
			productName = MyESCParty;
			productReference = BF9085262D73632200B40537 /* MyESCParty.app */;
			productType = "com.apple.product-type.application";
		};
/* End PBXNativeTarget section */

/* Begin PBXProject section */
		BF90851E2D73632200B40537 /* Project object */ = {
			isa = PBXProject;
			attributes = {
				BuildIndependentTargetsInParallel = 1;
				LastSwiftUpdateCheck = 1540;
				LastUpgradeCheck = 1630;
				TargetAttributes = {
					BF9085252D73632200B40537 = {
						CreatedOnToolsVersion = 15.4;
					};
				};
			};
			buildConfigurationList = BF9085212D73632200B40537 /* Build configuration list for PBXProject "MyESCParty" */;
			compatibilityVersion = "Xcode 14.0";
			developmentRegion = en;
			hasScannedForEncodings = 0;
			knownRegions = (
				en,
				Base,
			);
			mainGroup = BF90851D2D73632200B40537;
			packageReferences = (
				BF9085372D73634400B40537 /* XCRemoteSwiftPackageReference "supabase-swift" */,
				BF9085732D737AC300B40537 /* XCRemoteSwiftPackageReference "Swinject" */,
			);
			productRefGroup = BF9085272D73632200B40537 /* Products */;
			projectDirPath = "";
			projectRoot = "";
			targets = (
				BF9085252D73632200B40537 /* MyESCParty */,
			);
		};
/* End PBXProject section */

/* Begin PBXResourcesBuildPhase section */
		BF9085242D73632200B40537 /* Resources */ = {
			isa = PBXResourcesBuildPhase;
			buildActionMask = 2147483647;
			files = (
				BF8E449E2E26B7C80064E6A5 /* Supabase.plist in Resources */,
				BF9085312D73632300B40537 /* Preview Assets.xcassets in Resources */,
				BF90852E2D73632300B40537 /* Assets.xcassets in Resources */,
			);
			runOnlyForDeploymentPostprocessing = 0;
		};
/* End PBXResourcesBuildPhase section */

/* Begin PBXSourcesBuildPhase section */
		BF9085222D73632200B40537 /* Sources */ = {
			isa = PBXSourcesBuildPhase;
			buildActionMask = 2147483647;
			files = (
				BF2FF1C92DFB34A40060E323 /* StringHelpers.swift in Sources */,
				BF8E44A32E26B8DD0064E6A5 /* RoomView.swift in Sources */,
				BF90856A2D7373A500B40537 /* AppUser.swift in Sources */,
				BF9085612D73711700B40537 /* DatabaseManager.swift in Sources */,
				BF1FB9A22E1ED32400DF1E39 /* RoomCreationView.swift in Sources */,
				BF1FB99E2E1E9D8E00DF1E39 /* UserMenu.swift in Sources */,
				BF9085582D736F1000B40537 /* Country.swift in Sources */,
				BF0B5E212E003FA000517B70 /* ContestantsView.swift in Sources */,
				BF557C602E25197B0024F48A /* ToastView.swift in Sources */,
				BFA4EB5A2E1BE91E006EC79C /* Cachable.swift in Sources */,
				BF557C7B2E253DFB0024F48A /* ToastHostView.swift in Sources */,
				BF90854C2D73659800B40537 /* SettingsViewModel.swift in Sources */,
				BF8E44AB2E26BBAF0064E6A5 /* Room.swift in Sources */,
				BF9085682D7372B200B40537 /* DependencyResolver.swift in Sources */,
				BF1FB9A82E1EF32700DF1E39 /* ContestantCell.swift in Sources */,
				BF0B5E362E005CA400517B70 /* EscButton.swift in Sources */,
				BF90854E2D7365D000B40537 /* VoteView.swift in Sources */,
				BF0B5E332E005A9000517B70 /* RoomCell.swift in Sources */,
				BF9085522D736D8400B40537 /* VoteListCell.swift in Sources */,
				BF90856C2D73755700B40537 /* LoginView.swift in Sources */,
				BF8E44AD2E26BBCD0064E6A5 /* UserRoom.swift in Sources */,
				BF2FF1C72DFB25670060E323 /* ContentView.swift in Sources */,
				BFA4EB582E1BDD06006EC79C /* SecurityHelper.swift in Sources */,
				BF557C5B2E25158B0024F48A /* LoadingScreen.swift in Sources */,
				BF2FF1C52DFB1A420060E323 /* AuthViewModel.swift in Sources */,
				BF7E3CDD2DE09D31003740BD /* VoteViewModel.swift in Sources */,
				BF0B5E232E00419F00517B70 /* RoomListView.swift in Sources */,
				BFA4EB562E1BD6A1006EC79C /* SupabaseExtensions.swift in Sources */,
				BF9085562D736E1F00B40537 /* Contestant.swift in Sources */,
				BF90854A2D73658800B40537 /* SettingsView.swift in Sources */,
				BF557C572E22A0A20024F48A /* RoomCreationViewModel.swift in Sources */,
				BF9085802D73809000B40537 /* ColorPalette.swift in Sources */,
				BF0B5E262E0043CB00517B70 /* RoomListViewModel.swift in Sources */,
				BF8E44A52E26BA530064E6A5 /* RoomViewModel.swift in Sources */,
				BF8E44A92E26BB9B0064E6A5 /* RoomType.swift in Sources */,
				BF0B5E292E00445C00517B70 /* RoomListService.swift in Sources */,
				BF557C592E22A6070024F48A /* RoomCreationService.swift in Sources */,
				BF1FB9A42E1EE96600DF1E39 /* ContestantsService.swift in Sources */,
				BF7E3CDF2DE09D4C003740BD /* VoteListItem.swift in Sources */,
				BF9085432D73651E00B40537 /* MainTabBarView.swift in Sources */,
				BF1BF1B52E214DDE002F176B /* ContestantView.swift in Sources */,
				BF557C622E2519820024F48A /* ToastManager.swift in Sources */,
				BF8E449C2E2695630064E6A5 /* Bundle+decode.swift in Sources */,
				BF1FB9A62E1EEC1100DF1E39 /* ContestantsViewModel.swift in Sources */,
				BF90852A2D73632200B40537 /* MyESCPartyApp.swift in Sources */,
				BF90855C2D73704E00B40537 /* AuthManager.swift in Sources */,
				BF90857D2D737C5600B40537 /* AppTextField.swift in Sources */,
			);
			runOnlyForDeploymentPostprocessing = 0;
		};
/* End PBXSourcesBuildPhase section */

/* Begin XCBuildConfiguration section */
		BF9085322D73632300B40537 /* Debug */ = {
			isa = XCBuildConfiguration;
			buildSettings = {
				ALWAYS_SEARCH_USER_PATHS = NO;
				ASSETCATALOG_COMPILER_GENERATE_SWIFT_ASSET_SYMBOL_EXTENSIONS = YES;
				CLANG_ANALYZER_NONNULL = YES;
				CLANG_ANALYZER_NUMBER_OBJECT_CONVERSION = YES_AGGRESSIVE;
				CLANG_CXX_LANGUAGE_STANDARD = "gnu++20";
				CLANG_ENABLE_MODULES = YES;
				CLANG_ENABLE_OBJC_ARC = YES;
				CLANG_ENABLE_OBJC_WEAK = YES;
				CLANG_WARN_BLOCK_CAPTURE_AUTORELEASING = YES;
				CLANG_WARN_BOOL_CONVERSION = YES;
				CLANG_WARN_COMMA = YES;
				CLANG_WARN_CONSTANT_CONVERSION = YES;
				CLANG_WARN_DEPRECATED_OBJC_IMPLEMENTATIONS = YES;
				CLANG_WARN_DIRECT_OBJC_ISA_USAGE = YES_ERROR;
				CLANG_WARN_DOCUMENTATION_COMMENTS = YES;
				CLANG_WARN_EMPTY_BODY = YES;
				CLANG_WARN_ENUM_CONVERSION = YES;
				CLANG_WARN_INFINITE_RECURSION = YES;
				CLANG_WARN_INT_CONVERSION = YES;
				CLANG_WARN_NON_LITERAL_NULL_CONVERSION = YES;
				CLANG_WARN_OBJC_IMPLICIT_RETAIN_SELF = YES;
				CLANG_WARN_OBJC_LITERAL_CONVERSION = YES;
				CLANG_WARN_OBJC_ROOT_CLASS = YES_ERROR;
				CLANG_WARN_QUOTED_INCLUDE_IN_FRAMEWORK_HEADER = YES;
				CLANG_WARN_RANGE_LOOP_ANALYSIS = YES;
				CLANG_WARN_STRICT_PROTOTYPES = YES;
				CLANG_WARN_SUSPICIOUS_MOVE = YES;
				CLANG_WARN_UNGUARDED_AVAILABILITY = YES_AGGRESSIVE;
				CLANG_WARN_UNREACHABLE_CODE = YES;
				CLANG_WARN__DUPLICATE_METHOD_MATCH = YES;
				COPY_PHASE_STRIP = NO;
				DEBUG_INFORMATION_FORMAT = dwarf;
				DEVELOPMENT_TEAM = H8PQ9DZ93U;
				ENABLE_STRICT_OBJC_MSGSEND = YES;
				ENABLE_TESTABILITY = YES;
				ENABLE_USER_SCRIPT_SANDBOXING = YES;
				GCC_C_LANGUAGE_STANDARD = gnu17;
				GCC_DYNAMIC_NO_PIC = NO;
				GCC_NO_COMMON_BLOCKS = YES;
				GCC_OPTIMIZATION_LEVEL = 0;
				GCC_PREPROCESSOR_DEFINITIONS = (
					"DEBUG=1",
					"$(inherited)",
				);
				GCC_WARN_64_TO_32_BIT_CONVERSION = YES;
				GCC_WARN_ABOUT_RETURN_TYPE = YES_ERROR;
				GCC_WARN_UNDECLARED_SELECTOR = YES;
				GCC_WARN_UNINITIALIZED_AUTOS = YES_AGGRESSIVE;
				GCC_WARN_UNUSED_FUNCTION = YES;
				GCC_WARN_UNUSED_VARIABLE = YES;
				IPHONEOS_DEPLOYMENT_TARGET = 17.5;
				LOCALIZATION_PREFERS_STRING_CATALOGS = YES;
				MTL_ENABLE_DEBUG_INFO = INCLUDE_SOURCE;
				MTL_FAST_MATH = YES;
				ONLY_ACTIVE_ARCH = YES;
				SDKROOT = iphoneos;
				SWIFT_ACTIVE_COMPILATION_CONDITIONS = "DEBUG $(inherited)";
				SWIFT_OPTIMIZATION_LEVEL = "-Onone";
			};
			name = Debug;
		};
		BF9085332D73632300B40537 /* Release */ = {
			isa = XCBuildConfiguration;
			buildSettings = {
				ALWAYS_SEARCH_USER_PATHS = NO;
				ASSETCATALOG_COMPILER_GENERATE_SWIFT_ASSET_SYMBOL_EXTENSIONS = YES;
				CLANG_ANALYZER_NONNULL = YES;
				CLANG_ANALYZER_NUMBER_OBJECT_CONVERSION = YES_AGGRESSIVE;
				CLANG_CXX_LANGUAGE_STANDARD = "gnu++20";
				CLANG_ENABLE_MODULES = YES;
				CLANG_ENABLE_OBJC_ARC = YES;
				CLANG_ENABLE_OBJC_WEAK = YES;
				CLANG_WARN_BLOCK_CAPTURE_AUTORELEASING = YES;
				CLANG_WARN_BOOL_CONVERSION = YES;
				CLANG_WARN_COMMA = YES;
				CLANG_WARN_CONSTANT_CONVERSION = YES;
				CLANG_WARN_DEPRECATED_OBJC_IMPLEMENTATIONS = YES;
				CLANG_WARN_DIRECT_OBJC_ISA_USAGE = YES_ERROR;
				CLANG_WARN_DOCUMENTATION_COMMENTS = YES;
				CLANG_WARN_EMPTY_BODY = YES;
				CLANG_WARN_ENUM_CONVERSION = YES;
				CLANG_WARN_INFINITE_RECURSION = YES;
				CLANG_WARN_INT_CONVERSION = YES;
				CLANG_WARN_NON_LITERAL_NULL_CONVERSION = YES;
				CLANG_WARN_OBJC_IMPLICIT_RETAIN_SELF = YES;
				CLANG_WARN_OBJC_LITERAL_CONVERSION = YES;
				CLANG_WARN_OBJC_ROOT_CLASS = YES_ERROR;
				CLANG_WARN_QUOTED_INCLUDE_IN_FRAMEWORK_HEADER = YES;
				CLANG_WARN_RANGE_LOOP_ANALYSIS = YES;
				CLANG_WARN_STRICT_PROTOTYPES = YES;
				CLANG_WARN_SUSPICIOUS_MOVE = YES;
				CLANG_WARN_UNGUARDED_AVAILABILITY = YES_AGGRESSIVE;
				CLANG_WARN_UNREACHABLE_CODE = YES;
				CLANG_WARN__DUPLICATE_METHOD_MATCH = YES;
				COPY_PHASE_STRIP = NO;
				DEBUG_INFORMATION_FORMAT = "dwarf-with-dsym";
				DEVELOPMENT_TEAM = H8PQ9DZ93U;
				ENABLE_NS_ASSERTIONS = NO;
				ENABLE_STRICT_OBJC_MSGSEND = YES;
				ENABLE_USER_SCRIPT_SANDBOXING = YES;
				GCC_C_LANGUAGE_STANDARD = gnu17;
				GCC_NO_COMMON_BLOCKS = YES;
				GCC_WARN_64_TO_32_BIT_CONVERSION = YES;
				GCC_WARN_ABOUT_RETURN_TYPE = YES_ERROR;
				GCC_WARN_UNDECLARED_SELECTOR = YES;
				GCC_WARN_UNINITIALIZED_AUTOS = YES_AGGRESSIVE;
				GCC_WARN_UNUSED_FUNCTION = YES;
				GCC_WARN_UNUSED_VARIABLE = YES;
				IPHONEOS_DEPLOYMENT_TARGET = 17.5;
				LOCALIZATION_PREFERS_STRING_CATALOGS = YES;
				MTL_ENABLE_DEBUG_INFO = NO;
				MTL_FAST_MATH = YES;
				SDKROOT = iphoneos;
				SWIFT_COMPILATION_MODE = wholemodule;
				VALIDATE_PRODUCT = YES;
			};
			name = Release;
		};
		BF9085352D73632300B40537 /* Debug */ = {
			isa = XCBuildConfiguration;
			buildSettings = {
				ASSETCATALOG_COMPILER_APPICON_NAME = AppIcon;
				ASSETCATALOG_COMPILER_GLOBAL_ACCENT_COLOR_NAME = AccentColor;
				CODE_SIGN_STYLE = Automatic;
				CURRENT_PROJECT_VERSION = 1;
				DEVELOPMENT_ASSET_PATHS = "\"MyESCParty/Preview Content\"";
				ENABLE_PREVIEWS = YES;
				GENERATE_INFOPLIST_FILE = YES;
				INFOPLIST_KEY_LSApplicationCategoryType = "public.app-category.entertainment";
				INFOPLIST_KEY_UIApplicationSceneManifest_Generation = YES;
				INFOPLIST_KEY_UIApplicationSupportsIndirectInputEvents = YES;
				INFOPLIST_KEY_UILaunchScreen_Generation = YES;
				INFOPLIST_KEY_UIStatusBarStyle = "";
				INFOPLIST_KEY_UISupportedInterfaceOrientations = UIInterfaceOrientationPortrait;
				INFOPLIST_KEY_UISupportedInterfaceOrientations_iPad = "UIInterfaceOrientationLandscapeLeft UIInterfaceOrientationLandscapeRight UIInterfaceOrientationPortrait UIInterfaceOrientationPortraitUpsideDown";
				IPHONEOS_DEPLOYMENT_TARGET = 17.6;
				LD_RUNPATH_SEARCH_PATHS = (
					"$(inherited)",
					"@executable_path/Frameworks",
				);
				MARKETING_VERSION = 1.0;
				PRODUCT_BUNDLE_IDENTIFIER = com.gmail.maciej.piechota92.MyESCParty;
				PRODUCT_NAME = "$(TARGET_NAME)";
				SUPPORTED_PLATFORMS = "iphoneos iphonesimulator";
				SUPPORTS_MACCATALYST = NO;
				SUPPORTS_MAC_DESIGNED_FOR_IPHONE_IPAD = NO;
				SUPPORTS_XR_DESIGNED_FOR_IPHONE_IPAD = NO;
				SWIFT_EMIT_LOC_STRINGS = YES;
				SWIFT_VERSION = 5.0;
				TARGETED_DEVICE_FAMILY = 1;
			};
			name = Debug;
		};
		BF9085362D73632300B40537 /* Release */ = {
			isa = XCBuildConfiguration;
			buildSettings = {
				ASSETCATALOG_COMPILER_APPICON_NAME = AppIcon;
				ASSETCATALOG_COMPILER_GLOBAL_ACCENT_COLOR_NAME = AccentColor;
				CODE_SIGN_STYLE = Automatic;
				CURRENT_PROJECT_VERSION = 1;
				DEVELOPMENT_ASSET_PATHS = "\"MyESCParty/Preview Content\"";
				ENABLE_PREVIEWS = YES;
				GENERATE_INFOPLIST_FILE = YES;
				INFOPLIST_KEY_LSApplicationCategoryType = "public.app-category.entertainment";
				INFOPLIST_KEY_UIApplicationSceneManifest_Generation = YES;
				INFOPLIST_KEY_UIApplicationSupportsIndirectInputEvents = YES;
				INFOPLIST_KEY_UILaunchScreen_Generation = YES;
				INFOPLIST_KEY_UIStatusBarStyle = "";
				INFOPLIST_KEY_UISupportedInterfaceOrientations = UIInterfaceOrientationPortrait;
				INFOPLIST_KEY_UISupportedInterfaceOrientations_iPad = "UIInterfaceOrientationLandscapeLeft UIInterfaceOrientationLandscapeRight UIInterfaceOrientationPortrait UIInterfaceOrientationPortraitUpsideDown";
				IPHONEOS_DEPLOYMENT_TARGET = 17.6;
				LD_RUNPATH_SEARCH_PATHS = (
					"$(inherited)",
					"@executable_path/Frameworks",
				);
				MARKETING_VERSION = 1.0;
				PRODUCT_BUNDLE_IDENTIFIER = com.gmail.maciej.piechota92.MyESCParty;
				PRODUCT_NAME = "$(TARGET_NAME)";
				SUPPORTED_PLATFORMS = "iphoneos iphonesimulator";
				SUPPORTS_MACCATALYST = NO;
				SUPPORTS_MAC_DESIGNED_FOR_IPHONE_IPAD = NO;
				SUPPORTS_XR_DESIGNED_FOR_IPHONE_IPAD = NO;
				SWIFT_EMIT_LOC_STRINGS = YES;
				SWIFT_VERSION = 5.0;
				TARGETED_DEVICE_FAMILY = 1;
			};
			name = Release;
		};
/* End XCBuildConfiguration section */

/* Begin XCConfigurationList section */
		BF9085212D73632200B40537 /* Build configuration list for PBXProject "MyESCParty" */ = {
			isa = XCConfigurationList;
			buildConfigurations = (
				BF9085322D73632300B40537 /* Debug */,
				BF9085332D73632300B40537 /* Release */,
			);
			defaultConfigurationIsVisible = 0;
			defaultConfigurationName = Release;
		};
		BF9085342D73632300B40537 /* Build configuration list for PBXNativeTarget "MyESCParty" */ = {
			isa = XCConfigurationList;
			buildConfigurations = (
				BF9085352D73632300B40537 /* Debug */,
				BF9085362D73632300B40537 /* Release */,
			);
			defaultConfigurationIsVisible = 0;
			defaultConfigurationName = Release;
		};
/* End XCConfigurationList section */

/* Begin XCRemoteSwiftPackageReference section */
		BF9085372D73634400B40537 /* XCRemoteSwiftPackageReference "supabase-swift" */ = {
			isa = XCRemoteSwiftPackageReference;
			repositoryURL = "https://github.com/supabase/supabase-swift.git";
			requirement = {
				kind = upToNextMajorVersion;
				minimumVersion = 2.5.1;
			};
		};
		BF9085732D737AC300B40537 /* XCRemoteSwiftPackageReference "Swinject" */ = {
			isa = XCRemoteSwiftPackageReference;
			repositoryURL = "https://github.com/Swinject/Swinject.git";
			requirement = {
				kind = upToNextMajorVersion;
				minimumVersion = 2.9.1;
			};
		};
/* End XCRemoteSwiftPackageReference section */

/* Begin XCSwiftPackageProductDependency section */
		BF9085382D73634400B40537 /* Auth */ = {
			isa = XCSwiftPackageProductDependency;
			package = BF9085372D73634400B40537 /* XCRemoteSwiftPackageReference "supabase-swift" */;
			productName = Auth;
		};
		BF90853A2D73634400B40537 /* Functions */ = {
			isa = XCSwiftPackageProductDependency;
			package = BF9085372D73634400B40537 /* XCRemoteSwiftPackageReference "supabase-swift" */;
			productName = Functions;
		};
		BF90853C2D73634400B40537 /* PostgREST */ = {
			isa = XCSwiftPackageProductDependency;
			package = BF9085372D73634400B40537 /* XCRemoteSwiftPackageReference "supabase-swift" */;
			productName = PostgREST;
		};
		BF90853E2D73634400B40537 /* Realtime */ = {
			isa = XCSwiftPackageProductDependency;
			package = BF9085372D73634400B40537 /* XCRemoteSwiftPackageReference "supabase-swift" */;
			productName = Realtime;
		};
		BF9085402D73634400B40537 /* Storage */ = {
			isa = XCSwiftPackageProductDependency;
			package = BF9085372D73634400B40537 /* XCRemoteSwiftPackageReference "supabase-swift" */;
			productName = Storage;
		};
		BF90855E2D73709A00B40537 /* Supabase */ = {
			isa = XCSwiftPackageProductDependency;
			package = BF9085372D73634400B40537 /* XCRemoteSwiftPackageReference "supabase-swift" */;
			productName = Supabase;
		};
		BF9085742D737AC300B40537 /* Swinject */ = {
			isa = XCSwiftPackageProductDependency;
			package = BF9085732D737AC300B40537 /* XCRemoteSwiftPackageReference "Swinject" */;
			productName = Swinject;
		};
/* End XCSwiftPackageProductDependency section */
	};
	rootObject = BF90851E2D73632200B40537 /* Project object */;
}
